// !$*UTF8*$!
{
	archiveVersion = 1;
	classes = {
	};
	objectVersion = 46;
	objects = {

/* Begin PBXBuildFile section */
		81AF18101B48B8CB00F93490 /* AppDelegate.swift in Sources */ = {isa = PBXBuildFile; fileRef = 81AF180F1B48B8CB00F93490 /* AppDelegate.swift */; };
		81AF18121B48B8CB00F93490 /* ViewController.swift in Sources */ = {isa = PBXBuildFile; fileRef = 81AF18111B48B8CB00F93490 /* ViewController.swift */; };
		81AF18141B48B8CB00F93490 /* Images.xcassets in Resources */ = {isa = PBXBuildFile; fileRef = 81AF18131B48B8CB00F93490 /* Images.xcassets */; };
		81AF18171B48B8CB00F93490 /* Main.storyboard in Resources */ = {isa = PBXBuildFile; fileRef = 81AF18151B48B8CB00F93490 /* Main.storyboard */; };
		81AF18231B48B8CB00F93490 /* mouseMoveTests.swift in Sources */ = {isa = PBXBuildFile; fileRef = 81AF18221B48B8CB00F93490 /* mouseMoveTests.swift */; };
/* End PBXBuildFile section */

/* Begin PBXContainerItemProxy section */
		81AF181D1B48B8CB00F93490 /* PBXContainerItemProxy */ = {
			isa = PBXContainerItemProxy;
			containerPortal = 81AF18021B48B8CB00F93490 /* Project object */;
			proxyType = 1;
			remoteGlobalIDString = 81AF18091B48B8CB00F93490;
			remoteInfo = mouseMove;
		};
/* End PBXContainerItemProxy section */

/* Begin PBXFileReference section */
		81AF180A1B48B8CB00F93490 /* mouseMove.app */ = {isa = PBXFileReference; explicitFileType = wrapper.application; includeInIndex = 0; path = mouseMove.app; sourceTree = BUILT_PRODUCTS_DIR; };
		81AF180E1B48B8CB00F93490 /* Info.plist */ = {isa = PBXFileReference; lastKnownFileType = text.plist.xml; path = Info.plist; sourceTree = "<group>"; };
		81AF180F1B48B8CB00F93490 /* AppDelegate.swift */ = {isa = PBXFileReference; lastKnownFileType = sourcecode.swift; path = AppDelegate.swift; sourceTree = "<group>"; };
		81AF18111B48B8CB00F93490 /* ViewController.swift */ = {isa = PBXFileReference; lastKnownFileType = sourcecode.swift; path = ViewController.swift; sourceTree = "<group>"; };
		81AF18131B48B8CB00F93490 /* Images.xcassets */ = {isa = PBXFileReference; lastKnownFileType = folder.assetcatalog; path = Images.xcassets; sourceTree = "<group>"; };
		81AF18161B48B8CB00F93490 /* Base */ = {isa = PBXFileReference; lastKnownFileType = file.storyboard; name = Base; path = Base.lproj/Main.storyboard; sourceTree = "<group>"; };
		81AF181C1B48B8CB00F93490 /* mouseMoveTests.xctest */ = {isa = PBXFileReference; explicitFileType = wrapper.cfbundle; includeInIndex = 0; path = mouseMoveTests.xctest; sourceTree = BUILT_PRODUCTS_DIR; };
		81AF18211B48B8CB00F93490 /* Info.plist */ = {isa = PBXFileReference; lastKnownFileType = text.plist.xml; path = Info.plist; sourceTree = "<group>"; };
		81AF18221B48B8CB00F93490 /* mouseMoveTests.swift */ = {isa = PBXFileReference; lastKnownFileType = sourcecode.swift; path = mouseMoveTests.swift; sourceTree = "<group>"; };
/* End PBXFileReference section */

/* Begin PBXFrameworksBuildPhase section */
		81AF18071B48B8CB00F93490 /* Frameworks */ = {
			isa = PBXFrameworksBuildPhase;
			buildActionMask = 2147483647;
			files = (
			);
			runOnlyForDeploymentPostprocessing = 0;
		};
		81AF18191B48B8CB00F93490 /* Frameworks */ = {
			isa = PBXFrameworksBuildPhase;
			buildActionMask = 2147483647;
			files = (
			);
			runOnlyForDeploymentPostprocessing = 0;
		};
/* End PBXFrameworksBuildPhase section */

/* Begin PBXGroup section */
		81AF18011B48B8CB00F93490 = {
			isa = PBXGroup;
			children = (
				81AF180C1B48B8CB00F93490 /* mouseMove */,
				81AF181F1B48B8CB00F93490 /* mouseMoveTests */,
				81AF180B1B48B8CB00F93490 /* Products */,
			);
			sourceTree = "<group>";
		};
		81AF180B1B48B8CB00F93490 /* Products */ = {
			isa = PBXGroup;
			children = (
				81AF180A1B48B8CB00F93490 /* mouseMove.app */,
				81AF181C1B48B8CB00F93490 /* mouseMoveTests.xctest */,
			);
			name = Products;
			sourceTree = "<group>";
		};
		81AF180C1B48B8CB00F93490 /* mouseMove */ = {
			isa = PBXGroup;
			children = (
				81AF180F1B48B8CB00F93490 /* AppDelegate.swift */,
				81AF18111B48B8CB00F93490 /* ViewController.swift */,
				81AF18131B48B8CB00F93490 /* Images.xcassets */,
				81AF18151B48B8CB00F93490 /* Main.storyboard */,
				81AF180D1B48B8CB00F93490 /* Supporting Files */,
			);
			path = mouseMove;
			sourceTree = "<group>";
		};
		81AF180D1B48B8CB00F93490 /* Supporting Files */ = {
			isa = PBXGroup;
			children = (
				81AF180E1B48B8CB00F93490 /* Info.plist */,
			);
			name = "Supporting Files";
			sourceTree = "<group>";
		};
		81AF181F1B48B8CB00F93490 /* mouseMoveTests */ = {
			isa = PBXGroup;
			children = (
				81AF18221B48B8CB00F93490 /* mouseMoveTests.swift */,
				81AF18201B48B8CB00F93490 /* Supporting Files */,
			);
			path = mouseMoveTests;
			sourceTree = "<group>";
		};
		81AF18201B48B8CB00F93490 /* Supporting Files */ = {
			isa = PBXGroup;
			children = (
				81AF18211B48B8CB00F93490 /* Info.plist */,
			);
			name = "Supporting Files";
			sourceTree = "<group>";
		};
/* End PBXGroup section */

/* Begin PBXNativeTarget section */
		81AF18091B48B8CB00F93490 /* mouseMove */ = {
			isa = PBXNativeTarget;
			buildConfigurationList = 81AF18261B48B8CB00F93490 /* Build configuration list for PBXNativeTarget "mouseMove" */;
			buildPhases = (
				81AF18061B48B8CB00F93490 /* Sources */,
				81AF18071B48B8CB00F93490 /* Frameworks */,
				81AF18081B48B8CB00F93490 /* Resources */,
			);
			buildRules = (
			);
			dependencies = (
			);
			name = mouseMove;
			productName = mouseMove;
			productReference = 81AF180A1B48B8CB00F93490 /* mouseMove.app */;
			productType = "com.apple.product-type.application";
		};
		81AF181B1B48B8CB00F93490 /* mouseMoveTests */ = {
			isa = PBXNativeTarget;
			buildConfigurationList = 81AF18291B48B8CB00F93490 /* Build configuration list for PBXNativeTarget "mouseMoveTests" */;
			buildPhases = (
				81AF18181B48B8CB00F93490 /* Sources */,
				81AF18191B48B8CB00F93490 /* Frameworks */,
				81AF181A1B48B8CB00F93490 /* Resources */,
			);
			buildRules = (
			);
			dependencies = (
				81AF181E1B48B8CB00F93490 /* PBXTargetDependency */,
			);
			name = mouseMoveTests;
			productName = mouseMoveTests;
			productReference = 81AF181C1B48B8CB00F93490 /* mouseMoveTests.xctest */;
			productType = "com.apple.product-type.bundle.unit-test";
		};
/* End PBXNativeTarget section */

/* Begin PBXProject section */
		81AF18021B48B8CB00F93490 /* Project object */ = {
			isa = PBXProject;
			attributes = {
				LastUpgradeCheck = 0640;
				ORGANIZATIONNAME = "Tom Wilding";
				TargetAttributes = {
					81AF18091B48B8CB00F93490 = {
						CreatedOnToolsVersion = 6.4;
					};
					81AF181B1B48B8CB00F93490 = {
						CreatedOnToolsVersion = 6.4;
						TestTargetID = 81AF18091B48B8CB00F93490;
					};
				};
			};
			buildConfigurationList = 81AF18051B48B8CB00F93490 /* Build configuration list for PBXProject "mouseMove" */;
			compatibilityVersion = "Xcode 3.2";
			developmentRegion = English;
			hasScannedForEncodings = 0;
			knownRegions = (
				en,
				Base,
			);
			mainGroup = 81AF18011B48B8CB00F93490;
			productRefGroup = 81AF180B1B48B8CB00F93490 /* Products */;
			projectDirPath = "";
			projectRoot = "";
			targets = (
				81AF18091B48B8CB00F93490 /* mouseMove */,
				81AF181B1B48B8CB00F93490 /* mouseMoveTests */,
			);
		};
/* End PBXProject section */

/* Begin PBXResourcesBuildPhase section */
		81AF18081B48B8CB00F93490 /* Resources */ = {
			isa = PBXResourcesBuildPhase;
			buildActionMask = 2147483647;
			files = (
				81AF18141B48B8CB00F93490 /* Images.xcassets in Resources */,
				81AF18171B48B8CB00F93490 /* Main.storyboard in Resources */,
			);
			runOnlyForDeploymentPostprocessing = 0;
		};
		81AF181A1B48B8CB00F93490 /* Resources */ = {
			isa = PBXResourcesBuildPhase;
			buildActionMask = 2147483647;
			files = (
			);
			runOnlyForDeploymentPostprocessing = 0;
		};
/* End PBXResourcesBuildPhase section */

/* Begin PBXSourcesBuildPhase section */
		81AF18061B48B8CB00F93490 /* Sources */ = {
			isa = PBXSourcesBuildPhase;
			buildActionMask = 2147483647;
			files = (
				81AF18121B48B8CB00F93490 /* ViewController.swift in Sources */,
				81AF18101B48B8CB00F93490 /* AppDelegate.swift in Sources */,
			);
			runOnlyForDeploymentPostprocessing = 0;
		};
		81AF18181B48B8CB00F93490 /* Sources */ = {
			isa = PBXSourcesBuildPhase;
			buildActionMask = 2147483647;
			files = (
				81AF18231B48B8CB00F93490 /* mouseMoveTests.swift in Sources */,
			);
			runOnlyForDeploymentPostprocessing = 0;
		};
/* End PBXSourcesBuildPhase section */

/* Begin PBXTargetDependency section */
		81AF181E1B48B8CB00F93490 /* PBXTargetDependency */ = {
			isa = PBXTargetDependency;
			target = 81AF18091B48B8CB00F93490 /* mouseMove */;
			targetProxy = 81AF181D1B48B8CB00F93490 /* PBXContainerItemProxy */;
		};
/* End PBXTargetDependency section */

/* Begin PBXVariantGroup section */
		81AF18151B48B8CB00F93490 /* Main.storyboard */ = {
			isa = PBXVariantGroup;
			children = (
				81AF18161B48B8CB00F93490 /* Base */,
			);
			name = Main.storyboard;
			sourceTree = "<group>";
		};
/* End PBXVariantGroup section */

/* Begin XCBuildConfiguration section */
		81AF18241B48B8CB00F93490 /* Debug */ = {
			isa = XCBuildConfiguration;
			buildSettings = {
				ALWAYS_SEARCH_USER_PATHS = NO;
				CLANG_CXX_LANGUAGE_STANDARD = "gnu++0x";
				CLANG_CXX_LIBRARY = "libc++";
				CLANG_ENABLE_MODULES = YES;
				CLANG_ENABLE_OBJC_ARC = YES;
				CLANG_WARN_BOOL_CONVERSION = YES;
				CLANG_WARN_CONSTANT_CONVERSION = YES;
				CLANG_WARN_DIRECT_OBJC_ISA_USAGE = YES_ERROR;
				CLANG_WARN_EMPTY_BODY = YES;
				CLANG_WARN_ENUM_CONVERSION = YES;
				CLANG_WARN_INT_CONVERSION = YES;
				CLANG_WARN_OBJC_ROOT_CLASS = YES_ERROR;
				CLANG_WARN_UNREACHABLE_CODE = YES;
				CLANG_WARN__DUPLICATE_METHOD_MATCH = YES;
				CODE_SIGN_IDENTITY = "-";
				COPY_PHASE_STRIP = NO;
				DEBUG_INFORMATION_FORMAT = dwarf;
				ENABLE_STRICT_OBJC_MSGSEND = YES;
				GCC_C_LANGUAGE_STANDARD = gnu99;
				GCC_DYNAMIC_NO_PIC = NO;
				GCC_NO_COMMON_BLOCKS = YES;
				GCC_OPTIMIZATION_LEVEL = 0;
				GCC_PREPROCESSOR_DEFINITIONS = (
					"DEBUG=1",
					"$(inherited)",
				);
				GCC_SYMBOLS_PRIVATE_EXTERN = NO;
				GCC_WARN_64_TO_32_BIT_CONVERSION = YES;
				GCC_WARN_ABOUT_RETURN_TYPE = YES_ERROR;
				GCC_WARN_UNDECLARED_SELECTOR = YES;
				GCC_WARN_UNINITIALIZED_AUTOS = YES_AGGRESSIVE;
				GCC_WARN_UNUSED_FUNCTION = YES;
				GCC_WARN_UNUSED_VARIABLE = YES;
				MACOSX_DEPLOYMENT_TARGET = 10.10;
				MTL_ENABLE_DEBUG_INFO = YES;
				ONLY_ACTIVE_ARCH = YES;
				SDKROOT = macosx;
				SWIFT_OPTIMIZATION_LEVEL = "-Onone";
			};
			name = Debug;
		};
		81AF18251B48B8CB00F93490 /* Release */ = {
			isa = XCBuildConfiguration;
			buildSettings = {
				ALWAYS_SEARCH_USER_PATHS = NO;
				CLANG_CXX_LANGUAGE_STANDARD = "gnu++0x";
				CLANG_CXX_LIBRARY = "libc++";
				CLANG_ENABLE_MODULES = YES;
				CLANG_ENABLE_OBJC_ARC = YES;
				CLANG_WARN_BOOL_CONVERSION = YES;
				CLANG_WARN_CONSTANT_CONVERSION = YES;
				CLANG_WARN_DIRECT_OBJC_ISA_USAGE = YES_ERROR;
				CLANG_WARN_EMPTY_BODY = YES;
				CLANG_WARN_ENUM_CONVERSION = YES;
				CLANG_WARN_INT_CONVERSION = YES;
				CLANG_WARN_OBJC_ROOT_CLASS = YES_ERROR;
				CLANG_WARN_UNREACHABLE_CODE = YES;
				CLANG_WARN__DUPLICATE_METHOD_MATCH = YES;
				CODE_SIGN_IDENTITY = "-";
				COPY_PHASE_STRIP = NO;
				DEBUG_INFORMATION_FORMAT = "dwarf-with-dsym";
				ENABLE_NS_ASSERTIONS = NO;
				ENABLE_STRICT_OBJC_MSGSEND = YES;
				GCC_C_LANGUAGE_STANDARD = gnu99;
				GCC_NO_COMMON_BLOCKS = YES;
				GCC_WARN_64_TO_32_BIT_CONVERSION = YES;
				GCC_WARN_ABOUT_RETURN_TYPE = YES_ERROR;
				GCC_WARN_UNDECLARED_SELECTOR = YES;
				GCC_WARN_UNINITIALIZED_AUTOS = YES_AGGRESSIVE;
				GCC_WARN_UNUSED_FUNCTION = YES;
				GCC_WARN_UNUSED_VARIABLE = YES;
				MACOSX_DEPLOYMENT_TARGET = 10.10;
				MTL_ENABLE_DEBUG_INFO = NO;
				SDKROOT = macosx;
			};
			name = Release;
		};
		81AF18271B48B8CB00F93490 /* Debug */ = {
			isa = XCBuildConfiguration;
			buildSettings = {
				ASSETCATALOG_COMPILER_APPICON_NAME = AppIcon;
				COMBINE_HIDPI_IMAGES = YES;
				INFOPLIST_FILE = mouseMove/Info.plist;
				LD_RUNPATH_SEARCH_PATHS = "$(inherited) @executable_path/../Frameworks";
				PRODUCT_NAME = "$(TARGET_NAME)";
			};
			name = Debug;
		};
		81AF18281B48B8CB00F93490 /* Release */ = {
			isa = XCBuildConfiguration;
			buildSettings = {
				ASSETCATALOG_COMPILER_APPICON_NAME = AppIcon;
				COMBINE_HIDPI_IMAGES = YES;
				INFOPLIST_FILE = mouseMove/Info.plist;
				LD_RUNPATH_SEARCH_PATHS = "$(inherited) @executable_path/../Frameworks";
				PRODUCT_NAME = "$(TARGET_NAME)";
			};
			name = Release;
		};
		81AF182A1B48B8CB00F93490 /* Debug */ = {
			isa = XCBuildConfiguration;
			buildSettings = {
				BUNDLE_LOADER = "$(TEST_HOST)";
				COMBINE_HIDPI_IMAGES = YES;
				FRAMEWORK_SEARCH_PATHS = (
					"$(DEVELOPER_FRAMEWORKS_DIR)",
					"$(inherited)",
				);
				GCC_PREPROCESSOR_DEFINITIONS = (
					"DEBUG=1",
					"$(inherited)",
				);
				INFOPLIST_FILE = mouseMoveTests/Info.plist;
				LD_RUNPATH_SEARCH_PATHS = "$(inherited) @executable_path/../Frameworks @loader_path/../Frameworks";
				PRODUCT_NAME = "$(TARGET_NAME)";
				TEST_HOST = "$(BUILT_PRODUCTS_DIR)/mouseMove.app/Contents/MacOS/mouseMove";
			};
			name = Debug;
		};
		81AF182B1B48B8CB00F93490 /* Release */ = {
			isa = XCBuildConfiguration;
			buildSettings = {
				BUNDLE_LOADER = "$(TEST_HOST)";
				COMBINE_HIDPI_IMAGES = YES;
				FRAMEWORK_SEARCH_PATHS = (
					"$(DEVELOPER_FRAMEWORKS_DIR)",
					"$(inherited)",
				);
				INFOPLIST_FILE = mouseMoveTests/Info.plist;
				LD_RUNPATH_SEARCH_PATHS = "$(inherited) @executable_path/../Frameworks @loader_path/../Frameworks";
				PRODUCT_NAME = "$(TARGET_NAME)";
				TEST_HOST = "$(BUILT_PRODUCTS_DIR)/mouseMove.app/Contents/MacOS/mouseMove";
			};
			name = Release;
		};
/* End XCBuildConfiguration section */

/* Begin XCConfigurationList section */
		81AF18051B48B8CB00F93490 /* Build configuration list for PBXProject "mouseMove" */ = {
			isa = XCConfigurationList;
			buildConfigurations = (
				81AF18241B48B8CB00F93490 /* Debug */,
				81AF18251B48B8CB00F93490 /* Release */,
			);
			defaultConfigurationIsVisible = 0;
			defaultConfigurationName = Release;
		};
		81AF18261B48B8CB00F93490 /* Build configuration list for PBXNativeTarget "mouseMove" */ = {
			isa = XCConfigurationList;
			buildConfigurations = (
				81AF18271B48B8CB00F93490 /* Debug */,
				81AF18281B48B8CB00F93490 /* Release */,
			);
			defaultConfigurationIsVisible = 0;
		};
		81AF18291B48B8CB00F93490 /* Build configuration list for PBXNativeTarget "mouseMoveTests" */ = {
			isa = XCConfigurationList;
			buildConfigurations = (
				81AF182A1B48B8CB00F93490 /* Debug */,
				81AF182B1B48B8CB00F93490 /* Release */,
			);
			defaultConfigurationIsVisible = 0;
		};
/* End XCConfigurationList section */
	};
	rootObject = 81AF18021B48B8CB00F93490 /* Project object */;
}
